
Microsoft Visual Studio Solution File, Format Version 12.00
# Visual Studio Version 17
VisualStudioVersion = 17.4.33213.308
MinimumVisualStudioVersion = 10.0.40219.1
Project("{9A19103F-16F7-4668-BE54-9A1E7A4F7556}") = "Quête de Dragon", "Quête de Dragon\Quête de Dragon.csproj", "{1ED21B46-C619-4606-ABDA-740FABF62C91}"
EndProject
Project("{FAE04EC0-301F-11D3-BF4B-00C04F79EFBC}") = "TestProject1", "TestProject1\TestProject1.csproj", "{910BD240-80D8-42A4-9311-2D069D67292F}"
EndProject
Global
	GlobalSection(SolutionConfigurationPlatforms) = preSolution
		Debug|Any CPU = Debug|Any CPU
		Release|Any CPU = Release|Any CPU
	EndGlobalSection
	GlobalSection(ProjectConfigurationPlatforms) = postSolution
		{1ED21B46-C619-4606-ABDA-740FABF62C91}.Debug|Any CPU.ActiveCfg = Debug|Any CPU
		{1ED21B46-C619-4606-ABDA-740FABF62C91}.Debug|Any CPU.Build.0 = Debug|Any CPU
		{1ED21B46-C619-4606-ABDA-740FABF62C91}.Release|Any CPU.ActiveCfg = Release|Any CPU
		{1ED21B46-C619-4606-ABDA-740FABF62C91}.Release|Any CPU.Build.0 = Release|Any CPU
		{910BD240-80D8-42A4-9311-2D069D67292F}.Debug|Any CPU.ActiveCfg = Debug|Any CPU
		{910BD240-80D8-42A4-9311-2D069D67292F}.Debug|Any CPU.Build.0 = Debug|Any CPU
		{910BD240-80D8-42A4-9311-2D069D67292F}.Release|Any CPU.ActiveCfg = Release|Any CPU
		{910BD240-80D8-42A4-9311-2D069D67292F}.Release|Any CPU.Build.0 = Release|Any CPU
	EndGlobalSection
	GlobalSection(SolutionProperties) = preSolution
		HideSolutionNode = FALSE
	EndGlobalSection
	GlobalSection(ExtensibilityGlobals) = postSolution
		SolutionGuid = {99ED2FF6-C8DA-4739-9B91-EDDC4E983BE3}
	EndGlobalSection
EndGlobal
